// !$*UTF8*$!
{
	archiveVersion = 1;
	classes = {
	};
	objectVersion = 51;
	objects = {

/* Begin PBXBuildFile section */
		46C0FB588D09323A7409824F /* Pods_AltSwiftUIPractice.framework in Frameworks */ = {isa = PBXBuildFile; fileRef = 46B890062355AEB4BA7DFE97 /* Pods_AltSwiftUIPractice.framework */; };
		FF3C36D4254B259D000F0059 /* ExampleView.swift in Sources */ = {isa = PBXBuildFile; fileRef = FF3C36D3254B259D000F0059 /* ExampleView.swift */; };
		FF6EDD1D254B02EA00DCB08B /* AppDelegate.swift in Sources */ = {isa = PBXBuildFile; fileRef = FF6EDD1C254B02EA00DCB08B /* AppDelegate.swift */; };
		FF6EDD1F254B02EA00DCB08B /* SceneDelegate.swift in Sources */ = {isa = PBXBuildFile; fileRef = FF6EDD1E254B02EA00DCB08B /* SceneDelegate.swift */; };
		FF6EDD21254B02EA00DCB08B /* ViewController.swift in Sources */ = {isa = PBXBuildFile; fileRef = FF6EDD20254B02EA00DCB08B /* ViewController.swift */; };
		FF6EDD24254B02EA00DCB08B /* Main.storyboard in Resources */ = {isa = PBXBuildFile; fileRef = FF6EDD22254B02EA00DCB08B /* Main.storyboard */; };
		FF6EDD26254B02ED00DCB08B /* Assets.xcassets in Resources */ = {isa = PBXBuildFile; fileRef = FF6EDD25254B02ED00DCB08B /* Assets.xcassets */; };
		FF6EDD29254B02ED00DCB08B /* LaunchScreen.storyboard in Resources */ = {isa = PBXBuildFile; fileRef = FF6EDD27254B02ED00DCB08B /* LaunchScreen.storyboard */; };
/* End PBXBuildFile section */

/* Begin PBXFileReference section */
		46B890062355AEB4BA7DFE97 /* Pods_AltSwiftUIPractice.framework */ = {isa = PBXFileReference; explicitFileType = wrapper.framework; includeInIndex = 0; path = Pods_AltSwiftUIPractice.framework; sourceTree = BUILT_PRODUCTS_DIR; };
		577D09E4B2DD092866F1249F /* Pods-AltSwiftUIPractice.release.xcconfig */ = {isa = PBXFileReference; includeInIndex = 1; lastKnownFileType = text.xcconfig; name = "Pods-AltSwiftUIPractice.release.xcconfig"; path = "Target Support Files/Pods-AltSwiftUIPractice/Pods-AltSwiftUIPractice.release.xcconfig"; sourceTree = "<group>"; };
		EC38D5FBAE82B0AD5867B104 /* Pods-AltSwiftUIPractice.debug.xcconfig */ = {isa = PBXFileReference; includeInIndex = 1; lastKnownFileType = text.xcconfig; name = "Pods-AltSwiftUIPractice.debug.xcconfig"; path = "Target Support Files/Pods-AltSwiftUIPractice/Pods-AltSwiftUIPractice.debug.xcconfig"; sourceTree = "<group>"; };
		FF3C36D3254B259D000F0059 /* ExampleView.swift */ = {isa = PBXFileReference; lastKnownFileType = sourcecode.swift; path = ExampleView.swift; sourceTree = "<group>"; };
		FF6EDD19254B02EA00DCB08B /* AltSwiftUIPractice.app */ = {isa = PBXFileReference; explicitFileType = wrapper.application; includeInIndex = 0; path = AltSwiftUIPractice.app; sourceTree = BUILT_PRODUCTS_DIR; };
		FF6EDD1C254B02EA00DCB08B /* AppDelegate.swift */ = {isa = PBXFileReference; lastKnownFileType = sourcecode.swift; path = AppDelegate.swift; sourceTree = "<group>"; };
		FF6EDD1E254B02EA00DCB08B /* SceneDelegate.swift */ = {isa = PBXFileReference; lastKnownFileType = sourcecode.swift; path = SceneDelegate.swift; sourceTree = "<group>"; };
		FF6EDD20254B02EA00DCB08B /* ViewController.swift */ = {isa = PBXFileReference; lastKnownFileType = sourcecode.swift; path = ViewController.swift; sourceTree = "<group>"; };
		FF6EDD23254B02EA00DCB08B /* Base */ = {isa = PBXFileReference; lastKnownFileType = file.storyboard; name = Base; path = Base.lproj/Main.storyboard; sourceTree = "<group>"; };
		FF6EDD25254B02ED00DCB08B /* Assets.xcassets */ = {isa = PBXFileReference; lastKnownFileType = folder.assetcatalog; path = Assets.xcassets; sourceTree = "<group>"; };
		FF6EDD28254B02ED00DCB08B /* Base */ = {isa = PBXFileReference; lastKnownFileType = file.storyboard; name = Base; path = Base.lproj/LaunchScreen.storyboard; sourceTree = "<group>"; };
		FF6EDD2A254B02ED00DCB08B /* Info.plist */ = {isa = PBXFileReference; lastKnownFileType = text.plist.xml; path = Info.plist; sourceTree = "<group>"; };
/* End PBXFileReference section */

/* Begin PBXFrameworksBuildPhase section */
		FF6EDD16254B02EA00DCB08B /* Frameworks */ = {
			isa = PBXFrameworksBuildPhase;
			buildActionMask = 2147483647;
			files = (
				46C0FB588D09323A7409824F /* Pods_AltSwiftUIPractice.framework in Frameworks */,
			);
			runOnlyForDeploymentPostprocessing = 0;
		};
/* End PBXFrameworksBuildPhase section */

/* Begin PBXGroup section */
		E14482BED8541B2F1B3EB970 /* Frameworks */ = {
			isa = PBXGroup;
			children = (
				46B890062355AEB4BA7DFE97 /* Pods_AltSwiftUIPractice.framework */,
			);
			name = Frameworks;
			sourceTree = "<group>";
		};
		F62330B1BC3AAB494999075F /* Pods */ = {
			isa = PBXGroup;
			children = (
				EC38D5FBAE82B0AD5867B104 /* Pods-AltSwiftUIPractice.debug.xcconfig */,
				577D09E4B2DD092866F1249F /* Pods-AltSwiftUIPractice.release.xcconfig */,
			);
			path = Pods;
			sourceTree = "<group>";
		};
		FF6EDD10254B02EA00DCB08B = {
			isa = PBXGroup;
			children = (
				FF6EDD1B254B02EA00DCB08B /* AltSwiftUIPractice */,
				FF6EDD1A254B02EA00DCB08B /* Products */,
				F62330B1BC3AAB494999075F /* Pods */,
				E14482BED8541B2F1B3EB970 /* Frameworks */,
			);
			sourceTree = "<group>";
		};
		FF6EDD1A254B02EA00DCB08B /* Products */ = {
			isa = PBXGroup;
			children = (
				FF6EDD19254B02EA00DCB08B /* AltSwiftUIPractice.app */,
			);
			name = Products;
			sourceTree = "<group>";
		};
		FF6EDD1B254B02EA00DCB08B /* AltSwiftUIPractice */ = {
			isa = PBXGroup;
			children = (
				FF6EDD1C254B02EA00DCB08B /* AppDelegate.swift */,
				FF3C36D3254B259D000F0059 /* ExampleView.swift */,
				FF6EDD1E254B02EA00DCB08B /* SceneDelegate.swift */,
				FF6EDD20254B02EA00DCB08B /* ViewController.swift */,
				FF6EDD22254B02EA00DCB08B /* Main.storyboard */,
				FF6EDD25254B02ED00DCB08B /* Assets.xcassets */,
				FF6EDD27254B02ED00DCB08B /* LaunchScreen.storyboard */,
				FF6EDD2A254B02ED00DCB08B /* Info.plist */,
			);
			path = AltSwiftUIPractice;
			sourceTree = "<group>";
		};
/* End PBXGroup section */

/* Begin PBXNativeTarget section */
		FF6EDD18254B02EA00DCB08B /* AltSwiftUIPractice */ = {
			isa = PBXNativeTarget;
			buildConfigurationList = FF6EDD2D254B02ED00DCB08B /* Build configuration list for PBXNativeTarget "AltSwiftUIPractice" */;
			buildPhases = (
				692B106803D38D859E6ED40F /* [CP] Check Pods Manifest.lock */,
				FF6EDD15254B02EA00DCB08B /* Sources */,
				FF6EDD16254B02EA00DCB08B /* Frameworks */,
				FF6EDD17254B02EA00DCB08B /* Resources */,
				078EA60236D985053C337424 /* [CP] Embed Pods Frameworks */,
			);
			buildRules = (
			);
			dependencies = (
			);
			name = AltSwiftUIPractice;
			productName = AltSwiftUIPractice;
			productReference = FF6EDD19254B02EA00DCB08B /* AltSwiftUIPractice.app */;
			productType = "com.apple.product-type.application";
		};
/* End PBXNativeTarget section */

/* Begin PBXProject section */
		FF6EDD11254B02EA00DCB08B /* Project object */ = {
			isa = PBXProject;
			attributes = {
				LastSwiftUpdateCheck = 1200;
				LastUpgradeCheck = 1200;
				TargetAttributes = {
					FF6EDD18254B02EA00DCB08B = {
						CreatedOnToolsVersion = 12.0.1;
					};
				};
			};
			buildConfigurationList = FF6EDD14254B02EA00DCB08B /* Build configuration list for PBXProject "AltSwiftUIPractice" */;
			compatibilityVersion = "Xcode 9.3";
			developmentRegion = en;
			hasScannedForEncodings = 0;
			knownRegions = (
				en,
				Base,
			);
			mainGroup = FF6EDD10254B02EA00DCB08B;
			productRefGroup = FF6EDD1A254B02EA00DCB08B /* Products */;
			projectDirPath = "";
			projectRoot = "";
			targets = (
				FF6EDD18254B02EA00DCB08B /* AltSwiftUIPractice */,
			);
		};
/* End PBXProject section */

/* Begin PBXResourcesBuildPhase section */
		FF6EDD17254B02EA00DCB08B /* Resources */ = {
			isa = PBXResourcesBuildPhase;
			buildActionMask = 2147483647;
			files = (
				FF6EDD29254B02ED00DCB08B /* LaunchScreen.storyboard in Resources */,
				FF6EDD26254B02ED00DCB08B /* Assets.xcassets in Resources */,
				FF6EDD24254B02EA00DCB08B /* Main.storyboard in Resources */,
			);
			runOnlyForDeploymentPostprocessing = 0;
		};
/* End PBXResourcesBuildPhase section */

/* Begin PBXShellScriptBuildPhase section */
		078EA60236D985053C337424 /* [CP] Embed Pods Frameworks */ = {
			isa = PBXShellScriptBuildPhase;
			buildActionMask = 2147483647;
			files = (
			);
			inputFileListPaths = (
				"${PODS_ROOT}/Target Support Files/Pods-AltSwiftUIPractice/Pods-AltSwiftUIPractice-frameworks-${CONFIGURATION}-input-files.xcfilelist",
			);
			name = "[CP] Embed Pods Frameworks";
			outputFileListPaths = (
				"${PODS_ROOT}/Target Support Files/Pods-AltSwiftUIPractice/Pods-AltSwiftUIPractice-frameworks-${CONFIGURATION}-output-files.xcfilelist",
			);
			runOnlyForDeploymentPostprocessing = 0;
			shellPath = /bin/sh;
			shellScript = "\"${PODS_ROOT}/Target Support Files/Pods-AltSwiftUIPractice/Pods-AltSwiftUIPractice-frameworks.sh\"\n";
			showEnvVarsInLog = 0;
		};
		692B106803D38D859E6ED40F /* [CP] Check Pods Manifest.lock */ = {
			isa = PBXShellScriptBuildPhase;
			buildActionMask = 2147483647;
			files = (
			);
			inputFileListPaths = (
			);
			inputPaths = (
				"${PODS_PODFILE_DIR_PATH}/Podfile.lock",
				"${PODS_ROOT}/Manifest.lock",
			);
			name = "[CP] Check Pods Manifest.lock";
			outputFileListPaths = (
			);
			outputPaths = (
				"$(DERIVED_FILE_DIR)/Pods-AltSwiftUIPractice-checkManifestLockResult.txt",
			);
			runOnlyForDeploymentPostprocessing = 0;
			shellPath = /bin/sh;
			shellScript = "diff \"${PODS_PODFILE_DIR_PATH}/Podfile.lock\" \"${PODS_ROOT}/Manifest.lock\" > /dev/null\nif [ $? != 0 ] ; then\n    # print error to STDERR\n    echo \"error: The sandbox is not in sync with the Podfile.lock. Run 'pod install' or update your CocoaPods installation.\" >&2\n    exit 1\nfi\n# This output is used by Xcode 'outputs' to avoid re-running this script phase.\necho \"SUCCESS\" > \"${SCRIPT_OUTPUT_FILE_0}\"\n";
			showEnvVarsInLog = 0;
		};
/* End PBXShellScriptBuildPhase section */

/* Begin PBXSourcesBuildPhase section */
		FF6EDD15254B02EA00DCB08B /* Sources */ = {
			isa = PBXSourcesBuildPhase;
			buildActionMask = 2147483647;
			files = (
				FF6EDD21254B02EA00DCB08B /* ViewController.swift in Sources */,
				FF6EDD1D254B02EA00DCB08B /* AppDelegate.swift in Sources */,
				FF6EDD1F254B02EA00DCB08B /* SceneDelegate.swift in Sources */,
				FF3C36D4254B259D000F0059 /* ExampleView.swift in Sources */,
			);
			runOnlyForDeploymentPostprocessing = 0;
		};
/* End PBXSourcesBuildPhase section */

/* Begin PBXVariantGroup section */
		FF6EDD22254B02EA00DCB08B /* Main.storyboard */ = {
			isa = PBXVariantGroup;
			children = (
				FF6EDD23254B02EA00DCB08B /* Base */,
			);
			name = Main.storyboard;
			sourceTree = "<group>";
		};
		FF6EDD27254B02ED00DCB08B /* LaunchScreen.storyboard */ = {
			isa = PBXVariantGroup;
			children = (
				FF6EDD28254B02ED00DCB08B /* Base */,
			);
			name = LaunchScreen.storyboard;
			sourceTree = "<group>";
		};
/* End PBXVariantGroup section */

/* Begin XCBuildConfiguration section */
		FF6EDD2B254B02ED00DCB08B /* Debug */ = {
			isa = XCBuildConfiguration;
			buildSettings = {
				ALWAYS_SEARCH_USER_PATHS = NO;
				CLANG_ANALYZER_NONNULL = YES;
				CLANG_ANALYZER_NUMBER_OBJECT_CONVERSION = YES_AGGRESSIVE;
				CLANG_CXX_LANGUAGE_STANDARD = "gnu++14";
				CLANG_CXX_LIBRARY = "libc++";
				CLANG_ENABLE_MODULES = YES;
				CLANG_ENABLE_OBJC_ARC = YES;
				CLANG_ENABLE_OBJC_WEAK = YES;
				CLANG_WARN_BLOCK_CAPTURE_AUTORELEASING = YES;
				CLANG_WARN_BOOL_CONVERSION = YES;
				CLANG_WARN_COMMA = YES;
				CLANG_WARN_CONSTANT_CONVERSION = YES;
				CLANG_WARN_DEPRECATED_OBJC_IMPLEMENTATIONS = YES;
				CLANG_WARN_DIRECT_OBJC_ISA_USAGE = YES_ERROR;
				CLANG_WARN_DOCUMENTATION_COMMENTS = YES;
				CLANG_WARN_EMPTY_BODY = YES;
				CLANG_WARN_ENUM_CONVERSION = YES;
				CLANG_WARN_INFINITE_RECURSION = YES;
				CLANG_WARN_INT_CONVERSION = YES;
				CLANG_WARN_NON_LITERAL_NULL_CONVERSION = YES;
				CLANG_WARN_OBJC_IMPLICIT_RETAIN_SELF = YES;
				CLANG_WARN_OBJC_LITERAL_CONVERSION = YES;
				CLANG_WARN_OBJC_ROOT_CLASS = YES_ERROR;
				CLANG_WARN_QUOTED_INCLUDE_IN_FRAMEWORK_HEADER = YES;
				CLANG_WARN_RANGE_LOOP_ANALYSIS = YES;
				CLANG_WARN_STRICT_PROTOTYPES = YES;
				CLANG_WARN_SUSPICIOUS_MOVE = YES;
				CLANG_WARN_UNGUARDED_AVAILABILITY = YES_AGGRESSIVE;
				CLANG_WARN_UNREACHABLE_CODE = YES;
				CLANG_WARN__DUPLICATE_METHOD_MATCH = YES;
				COPY_PHASE_STRIP = NO;
				DEBUG_INFORMATION_FORMAT = dwarf;
				ENABLE_STRICT_OBJC_MSGSEND = YES;
				ENABLE_TESTABILITY = YES;
				GCC_C_LANGUAGE_STANDARD = gnu11;
				GCC_DYNAMIC_NO_PIC = NO;
				GCC_NO_COMMON_BLOCKS = YES;
				GCC_OPTIMIZATION_LEVEL = 0;
				GCC_PREPROCESSOR_DEFINITIONS = (
					"DEBUG=1",
					"$(inherited)",
				);
				GCC_WARN_64_TO_32_BIT_CONVERSION = YES;
				GCC_WARN_ABOUT_RETURN_TYPE = YES_ERROR;
				GCC_WARN_UNDECLARED_SELECTOR = YES;
				GCC_WARN_UNINITIALIZED_AUTOS = YES_AGGRESSIVE;
				GCC_WARN_UNUSED_FUNCTION = YES;
				GCC_WARN_UNUSED_VARIABLE = YES;
				IPHONEOS_DEPLOYMENT_TARGET = 14.0;
				MTL_ENABLE_DEBUG_INFO = INCLUDE_SOURCE;
				MTL_FAST_MATH = YES;
				ONLY_ACTIVE_ARCH = YES;
				SDKROOT = iphoneos;
				SWIFT_ACTIVE_COMPILATION_CONDITIONS = DEBUG;
				SWIFT_OPTIMIZATION_LEVEL = "-Onone";
			};
			name = Debug;
		};
		FF6EDD2C254B02ED00DCB08B /* Release */ = {
			isa = XCBuildConfiguration;
			buildSettings = {
				ALWAYS_SEARCH_USER_PATHS = NO;
				CLANG_ANALYZER_NONNULL = YES;
				CLANG_ANALYZER_NUMBER_OBJECT_CONVERSION = YES_AGGRESSIVE;
				CLANG_CXX_LANGUAGE_STANDARD = "gnu++14";
				CLANG_CXX_LIBRARY = "libc++";
				CLANG_ENABLE_MODULES = YES;
				CLANG_ENABLE_OBJC_ARC = YES;
				CLANG_ENABLE_OBJC_WEAK = YES;
				CLANG_WARN_BLOCK_CAPTURE_AUTORELEASING = YES;
				CLANG_WARN_BOOL_CONVERSION = YES;
				CLANG_WARN_COMMA = YES;
				CLANG_WARN_CONSTANT_CONVERSION = YES;
				CLANG_WARN_DEPRECATED_OBJC_IMPLEMENTATIONS = YES;
				CLANG_WARN_DIRECT_OBJC_ISA_USAGE = YES_ERROR;
				CLANG_WARN_DOCUMENTATION_COMMENTS = YES;
				CLANG_WARN_EMPTY_BODY = YES;
				CLANG_WARN_ENUM_CONVERSION = YES;
				CLANG_WARN_INFINITE_RECURSION = YES;
				CLANG_WARN_INT_CONVERSION = YES;
				CLANG_WARN_NON_LITERAL_NULL_CONVERSION = YES;
				CLANG_WARN_OBJC_IMPLICIT_RETAIN_SELF = YES;
				CLANG_WARN_OBJC_LITERAL_CONVERSION = YES;
				CLANG_WARN_OBJC_ROOT_CLASS = YES_ERROR;
				CLANG_WARN_QUOTED_INCLUDE_IN_FRAMEWORK_HEADER = YES;
				CLANG_WARN_RANGE_LOOP_ANALYSIS = YES;
				CLANG_WARN_STRICT_PROTOTYPES = YES;
				CLANG_WARN_SUSPICIOUS_MOVE = YES;
				CLANG_WARN_UNGUARDED_AVAILABILITY = YES_AGGRESSIVE;
				CLANG_WARN_UNREACHABLE_CODE = YES;
				CLANG_WARN__DUPLICATE_METHOD_MATCH = YES;
				COPY_PHASE_STRIP = NO;
				DEBUG_INFORMATION_FORMAT = "dwarf-with-dsym";
				ENABLE_NS_ASSERTIONS = NO;
				ENABLE_STRICT_OBJC_MSGSEND = YES;
				GCC_C_LANGUAGE_STANDARD = gnu11;
				GCC_NO_COMMON_BLOCKS = YES;
				GCC_WARN_64_TO_32_BIT_CONVERSION = YES;
				GCC_WARN_ABOUT_RETURN_TYPE = YES_ERROR;
				GCC_WARN_UNDECLARED_SELECTOR = YES;
				GCC_WARN_UNINITIALIZED_AUTOS = YES_AGGRESSIVE;
				GCC_WARN_UNUSED_FUNCTION = YES;
				GCC_WARN_UNUSED_VARIABLE = YES;
				IPHONEOS_DEPLOYMENT_TARGET = 14.0;
				MTL_ENABLE_DEBUG_INFO = NO;
				MTL_FAST_MATH = YES;
				SDKROOT = iphoneos;
				SWIFT_COMPILATION_MODE = wholemodule;
				SWIFT_OPTIMIZATION_LEVEL = "-O";
				VALIDATE_PRODUCT = YES;
			};
			name = Release;
		};
		FF6EDD2E254B02ED00DCB08B /* Debug */ = {
			isa = XCBuildConfiguration;
			baseConfigurationReference = EC38D5FBAE82B0AD5867B104 /* Pods-AltSwiftUIPractice.debug.xcconfig */;
			buildSettings = {
				ASSETCATALOG_COMPILER_APPICON_NAME = AppIcon;
				ASSETCATALOG_COMPILER_GLOBAL_ACCENT_COLOR_NAME = AccentColor;
				CODE_SIGN_STYLE = Automatic;
				DEVELOPMENT_TEAM = ABMFV245C7;
				INFOPLIST_FILE = AltSwiftUIPractice/Info.plist;
				IPHONEOS_DEPLOYMENT_TARGET = 12.0;
				LD_RUNPATH_SEARCH_PATHS = (
					"$(inherited)",
					"@executable_path/Frameworks",
				);
				PRODUCT_BUNDLE_IDENTIFIER = com.yoshi.AltSwiftUIPractice;
				PRODUCT_NAME = "$(TARGET_NAME)";
				SWIFT_VERSION = 5.0;
				TARGETED_DEVICE_FAMILY = 1;
			};
			name = Debug;
		};
		FF6EDD2F254B02ED00DCB08B /* Release */ = {
			isa = XCBuildConfiguration;
			baseConfigurationReference = 577D09E4B2DD092866F1249F /* Pods-AltSwiftUIPractice.release.xcconfig */;
			buildSettings = {
				ASSETCATALOG_COMPILER_APPICON_NAME = AppIcon;
				ASSETCATALOG_COMPILER_GLOBAL_ACCENT_COLOR_NAME = AccentColor;
				CODE_SIGN_STYLE = Automatic;
				DEVELOPMENT_TEAM = ABMFV245C7;
				INFOPLIST_FILE = AltSwiftUIPractice/Info.plist;
				IPHONEOS_DEPLOYMENT_TARGET = 12.0;
				LD_RUNPATH_SEARCH_PATHS = (
					"$(inherited)",
					"@executable_path/Frameworks",
				);
				PRODUCT_BUNDLE_IDENTIFIER = com.yoshi.AltSwiftUIPractice;
				PRODUCT_NAME = "$(TARGET_NAME)";
				SWIFT_VERSION = 5.0;
				TARGETED_DEVICE_FAMILY = 1;
			};
			name = Release;
		};
/* End XCBuildConfiguration section */

/* Begin XCConfigurationList section */
		FF6EDD14254B02EA00DCB08B /* Build configuration list for PBXProject "AltSwiftUIPractice" */ = {
			isa = XCConfigurationList;
			buildConfigurations = (
				FF6EDD2B254B02ED00DCB08B /* Debug */,
				FF6EDD2C254B02ED00DCB08B /* Release */,
			);
			defaultConfigurationIsVisible = 0;
			defaultConfigurationName = Release;
		};
		FF6EDD2D254B02ED00DCB08B /* Build configuration list for PBXNativeTarget "AltSwiftUIPractice" */ = {
			isa = XCConfigurationList;
			buildConfigurations = (
				FF6EDD2E254B02ED00DCB08B /* Debug */,
				FF6EDD2F254B02ED00DCB08B /* Release */,
			);
			defaultConfigurationIsVisible = 0;
			defaultConfigurationName = Release;
		};
/* End XCConfigurationList section */
	};
	rootObject = FF6EDD11254B02EA00DCB08B /* Project object */;
}
